
Microsoft Visual Studio Solution File, Format Version 12.00
# Visual Studio 15
VisualStudioVersion = 15.0.26430.6
MinimumVisualStudioVersion = 10.0.40219.1
Project("{FAE04EC0-301F-11D3-BF4B-00C04F79EFBC}") = "Punto de venta", "Punto de venta\Punto de venta.csproj", "{B3843CD6-2A7E-42A0-89BD-5AE7FCB0D7F3}"
EndProject
Project("{FAE04EC0-301F-11D3-BF4B-00C04F79EFBC}") = "Library", "Library\Library.csproj", "{A707B517-9F17-496E-A055-9D4B6387E882}"
EndProject
Project("{FAE04EC0-301F-11D3-BF4B-00C04F79EFBC}") = "Personal", "Personal\Personal.csproj", "{101DCB41-948E-4E08-B289-F526DA564441}"
EndProject
Global
	GlobalSection(SolutionConfigurationPlatforms) = preSolution
		Debug|Any CPU = Debug|Any CPU
		Release|Any CPU = Release|Any CPU
	EndGlobalSection
	GlobalSection(ProjectConfigurationPlatforms) = postSolution
		{B3843CD6-2A7E-42A0-89BD-5AE7FCB0D7F3}.Debug|Any CPU.ActiveCfg = Debug|Any CPU
		{B3843CD6-2A7E-42A0-89BD-5AE7FCB0D7F3}.Debug|Any CPU.Build.0 = Debug|Any CPU
		{B3843CD6-2A7E-42A0-89BD-5AE7FCB0D7F3}.Release|Any CPU.ActiveCfg = Release|Any CPU
		{B3843CD6-2A7E-42A0-89BD-5AE7FCB0D7F3}.Release|Any CPU.Build.0 = Release|Any CPU
		{A707B517-9F17-496E-A055-9D4B6387E882}.Debug|Any CPU.ActiveCfg = Debug|Any CPU
		{A707B517-9F17-496E-A055-9D4B6387E882}.Debug|Any CPU.Build.0 = Debug|Any CPU
		{A707B517-9F17-496E-A055-9D4B6387E882}.Release|Any CPU.ActiveCfg = Release|Any CPU
		{A707B517-9F17-496E-A055-9D4B6387E882}.Release|Any CPU.Build.0 = Release|Any CPU
		{101DCB41-948E-4E08-B289-F526DA564441}.Debug|Any CPU.ActiveCfg = Debug|Any CPU
		{101DCB41-948E-4E08-B289-F526DA564441}.Debug|Any CPU.Build.0 = Debug|Any CPU
		{101DCB41-948E-4E08-B289-F526DA564441}.Release|Any CPU.ActiveCfg = Release|Any CPU
		{101DCB41-948E-4E08-B289-F526DA564441}.Release|Any CPU.Build.0 = Release|Any CPU
	EndGlobalSection
	GlobalSection(SolutionProperties) = preSolution
		HideSolutionNode = FALSE
	EndGlobalSection
EndGlobal
